// !$*UTF8*$!
{
	archiveVersion = 1;
	classes = {
	};
	objectVersion = 56;
	objects = {

/* Begin PBXBuildFile section */
		DE2A46EA2ACB63C6006F3CD0 /* AppDelegate.swift in Sources */ = {isa = PBXBuildFile; fileRef = DE2A46E92ACB63C6006F3CD0 /* AppDelegate.swift */; };
		DE2A46EE2ACB63C6006F3CD0 /* ViewController.swift in Sources */ = {isa = PBXBuildFile; fileRef = DE2A46ED2ACB63C6006F3CD0 /* ViewController.swift */; };
		DE2A46F32ACB63C6006F3CD0 /* Assets.xcassets in Resources */ = {isa = PBXBuildFile; fileRef = DE2A46F22ACB63C6006F3CD0 /* Assets.xcassets */; };
		DE2A46F62ACB63C6006F3CD0 /* LaunchScreen.storyboard in Resources */ = {isa = PBXBuildFile; fileRef = DE2A46F42ACB63C6006F3CD0 /* LaunchScreen.storyboard */; };
		DE2A46FE2ACB6438006F3CD0 /* Operation.swift in Sources */ = {isa = PBXBuildFile; fileRef = DE2A46FD2ACB6438006F3CD0 /* Operation.swift */; };
		DE2A47002ACB6478006F3CD0 /* CalculatorViewModel.swift in Sources */ = {isa = PBXBuildFile; fileRef = DE2A46FF2ACB6478006F3CD0 /* CalculatorViewModel.swift */; };
		DE2A47052ACB658C006F3CD0 /* CalculatorViewController.swift in Sources */ = {isa = PBXBuildFile; fileRef = DE2A47032ACB658C006F3CD0 /* CalculatorViewController.swift */; };
		DE2A47062ACB658C006F3CD0 /* CalculatorViewController.xib in Resources */ = {isa = PBXBuildFile; fileRef = DE2A47042ACB658C006F3CD0 /* CalculatorViewController.xib */; };
		DE2A47092ACB66AB006F3CD0 /* Label.swift in Sources */ = {isa = PBXBuildFile; fileRef = DE2A47082ACB66AB006F3CD0 /* Label.swift */; };
		DE2A470B2ACB66B5006F3CD0 /* Button.swift in Sources */ = {isa = PBXBuildFile; fileRef = DE2A470A2ACB66B5006F3CD0 /* Button.swift */; };
		DE2A470D2ACB66C6006F3CD0 /* String(ext).swift in Sources */ = {isa = PBXBuildFile; fileRef = DE2A470C2ACB66C6006F3CD0 /* String(ext).swift */; };
/* End PBXBuildFile section */

/* Begin PBXFileReference section */
		DE2A46E62ACB63C6006F3CD0 /* CalculatorApp.app */ = {isa = PBXFileReference; explicitFileType = wrapper.application; includeInIndex = 0; path = CalculatorApp.app; sourceTree = BUILT_PRODUCTS_DIR; };
		DE2A46E92ACB63C6006F3CD0 /* AppDelegate.swift */ = {isa = PBXFileReference; lastKnownFileType = sourcecode.swift; path = AppDelegate.swift; sourceTree = "<group>"; };
		DE2A46ED2ACB63C6006F3CD0 /* ViewController.swift */ = {isa = PBXFileReference; lastKnownFileType = sourcecode.swift; path = ViewController.swift; sourceTree = "<group>"; };
		DE2A46F22ACB63C6006F3CD0 /* Assets.xcassets */ = {isa = PBXFileReference; lastKnownFileType = folder.assetcatalog; path = Assets.xcassets; sourceTree = "<group>"; };
		DE2A46F52ACB63C6006F3CD0 /* Base */ = {isa = PBXFileReference; lastKnownFileType = file.storyboard; name = Base; path = Base.lproj/LaunchScreen.storyboard; sourceTree = "<group>"; };
		DE2A46F72ACB63C6006F3CD0 /* Info.plist */ = {isa = PBXFileReference; lastKnownFileType = text.plist.xml; path = Info.plist; sourceTree = "<group>"; };
		DE2A46FD2ACB6438006F3CD0 /* Operation.swift */ = {isa = PBXFileReference; lastKnownFileType = sourcecode.swift; path = Operation.swift; sourceTree = "<group>"; };
		DE2A46FF2ACB6478006F3CD0 /* CalculatorViewModel.swift */ = {isa = PBXFileReference; lastKnownFileType = sourcecode.swift; path = CalculatorViewModel.swift; sourceTree = "<group>"; };
		DE2A47032ACB658C006F3CD0 /* CalculatorViewController.swift */ = {isa = PBXFileReference; lastKnownFileType = sourcecode.swift; path = CalculatorViewController.swift; sourceTree = "<group>"; };
		DE2A47042ACB658C006F3CD0 /* CalculatorViewController.xib */ = {isa = PBXFileReference; lastKnownFileType = file.xib; path = CalculatorViewController.xib; sourceTree = "<group>"; };
		DE2A47082ACB66AB006F3CD0 /* Label.swift */ = {isa = PBXFileReference; lastKnownFileType = sourcecode.swift; path = Label.swift; sourceTree = "<group>"; };
		DE2A470A2ACB66B5006F3CD0 /* Button.swift */ = {isa = PBXFileReference; lastKnownFileType = sourcecode.swift; path = Button.swift; sourceTree = "<group>"; };
		DE2A470C2ACB66C6006F3CD0 /* String(ext).swift */ = {isa = PBXFileReference; lastKnownFileType = sourcecode.swift; path = "String(ext).swift"; sourceTree = "<group>"; };
/* End PBXFileReference section */

/* Begin PBXFrameworksBuildPhase section */
		DE2A46E32ACB63C6006F3CD0 /* Frameworks */ = {
			isa = PBXFrameworksBuildPhase;
			buildActionMask = 2147483647;
			files = (
			);
			runOnlyForDeploymentPostprocessing = 0;
		};
/* End PBXFrameworksBuildPhase section */

/* Begin PBXGroup section */
		DE2A46DD2ACB63C5006F3CD0 = {
			isa = PBXGroup;
			children = (
				DE2A46E82ACB63C6006F3CD0 /* CalculatorApp */,
				DE2A46E72ACB63C6006F3CD0 /* Products */,
			);
			sourceTree = "<group>";
		};
		DE2A46E72ACB63C6006F3CD0 /* Products */ = {
			isa = PBXGroup;
			children = (
				DE2A46E62ACB63C6006F3CD0 /* CalculatorApp.app */,
			);
			name = Products;
			sourceTree = "<group>";
		};
		DE2A46E82ACB63C6006F3CD0 /* CalculatorApp */ = {
			isa = PBXGroup;
			children = (
				DE2A46E92ACB63C6006F3CD0 /* AppDelegate.swift */,
				DE2A46FD2ACB6438006F3CD0 /* Operation.swift */,
				DE2A46FF2ACB6478006F3CD0 /* CalculatorViewModel.swift */,
				DE2A47032ACB658C006F3CD0 /* CalculatorViewController.swift */,
				DE2A47042ACB658C006F3CD0 /* CalculatorViewController.xib */,
				DE2A47072ACB6675006F3CD0 /* Design */,
				DE2A46F22ACB63C6006F3CD0 /* Assets.xcassets */,
				DE2A46F42ACB63C6006F3CD0 /* LaunchScreen.storyboard */,
				DE2A46F72ACB63C6006F3CD0 /* Info.plist */,
			);
			path = CalculatorApp;
			sourceTree = "<group>";
		};
		DE2A47072ACB6675006F3CD0 /* Design */ = {
			isa = PBXGroup;
			children = (
				DE2A47082ACB66AB006F3CD0 /* Label.swift */,
				DE2A46ED2ACB63C6006F3CD0 /* ViewController.swift */,
				DE2A470A2ACB66B5006F3CD0 /* Button.swift */,
				DE2A470C2ACB66C6006F3CD0 /* String(ext).swift */,
			);
			path = Design;
			sourceTree = "<group>";
		};
/* End PBXGroup section */

/* Begin PBXNativeTarget section */
		DE2A46E52ACB63C6006F3CD0 /* CalculatorApp */ = {
			isa = PBXNativeTarget;
			buildConfigurationList = DE2A46FA2ACB63C6006F3CD0 /* Build configuration list for PBXNativeTarget "CalculatorApp" */;
			buildPhases = (
				DE2A46E22ACB63C6006F3CD0 /* Sources */,
				DE2A46E32ACB63C6006F3CD0 /* Frameworks */,
				DE2A46E42ACB63C6006F3CD0 /* Resources */,
			);
			buildRules = (
			);
			dependencies = (
			);
			name = CalculatorApp;
			productName = CalculatorApp;
			productReference = DE2A46E62ACB63C6006F3CD0 /* CalculatorApp.app */;
			productType = "com.apple.product-type.application";
		};
/* End PBXNativeTarget section */

/* Begin PBXProject section */
		DE2A46DE2ACB63C5006F3CD0 /* Project object */ = {
			isa = PBXProject;
			attributes = {
				BuildIndependentTargetsInParallel = 1;
				LastSwiftUpdateCheck = 1500;
				LastUpgradeCheck = 1500;
				TargetAttributes = {
					DE2A46E52ACB63C6006F3CD0 = {
						CreatedOnToolsVersion = 15.0;
					};
				};
			};
			buildConfigurationList = DE2A46E12ACB63C5006F3CD0 /* Build configuration list for PBXProject "CalculatorApp" */;
			compatibilityVersion = "Xcode 14.0";
			developmentRegion = en;
			hasScannedForEncodings = 0;
			knownRegions = (
				en,
				Base,
			);
			mainGroup = DE2A46DD2ACB63C5006F3CD0;
			productRefGroup = DE2A46E72ACB63C6006F3CD0 /* Products */;
			projectDirPath = "";
			projectRoot = "";
			targets = (
				DE2A46E52ACB63C6006F3CD0 /* CalculatorApp */,
			);
		};
/* End PBXProject section */

/* Begin PBXResourcesBuildPhase section */
		DE2A46E42ACB63C6006F3CD0 /* Resources */ = {
			isa = PBXResourcesBuildPhase;
			buildActionMask = 2147483647;
			files = (
				DE2A46F62ACB63C6006F3CD0 /* LaunchScreen.storyboard in Resources */,
				DE2A47062ACB658C006F3CD0 /* CalculatorViewController.xib in Resources */,
				DE2A46F32ACB63C6006F3CD0 /* Assets.xcassets in Resources */,
			);
			runOnlyForDeploymentPostprocessing = 0;
		};
/* End PBXResourcesBuildPhase section */

/* Begin PBXSourcesBuildPhase section */
		DE2A46E22ACB63C6006F3CD0 /* Sources */ = {
			isa = PBXSourcesBuildPhase;
			buildActionMask = 2147483647;
			files = (
				DE2A470B2ACB66B5006F3CD0 /* Button.swift in Sources */,
				DE2A47052ACB658C006F3CD0 /* CalculatorViewController.swift in Sources */,
				DE2A46EE2ACB63C6006F3CD0 /* ViewController.swift in Sources */,
				DE2A47092ACB66AB006F3CD0 /* Label.swift in Sources */,
				DE2A46EA2ACB63C6006F3CD0 /* AppDelegate.swift in Sources */,
				DE2A470D2ACB66C6006F3CD0 /* String(ext).swift in Sources */,
				DE2A46FE2ACB6438006F3CD0 /* Operation.swift in Sources */,
				DE2A47002ACB6478006F3CD0 /* CalculatorViewModel.swift in Sources */,
			);
			runOnlyForDeploymentPostprocessing = 0;
		};
/* End PBXSourcesBuildPhase section */

/* Begin PBXVariantGroup section */
		DE2A46F42ACB63C6006F3CD0 /* LaunchScreen.storyboard */ = {
			isa = PBXVariantGroup;
			children = (
				DE2A46F52ACB63C6006F3CD0 /* Base */,
			);
			name = LaunchScreen.storyboard;
			sourceTree = "<group>";
		};
/* End PBXVariantGroup section */

/* Begin XCBuildConfiguration section */
		DE2A46F82ACB63C6006F3CD0 /* Debug */ = {
			isa = XCBuildConfiguration;
			buildSettings = {
				ALWAYS_SEARCH_USER_PATHS = NO;
				ASSETCATALOG_COMPILER_GENERATE_SWIFT_ASSET_SYMBOL_EXTENSIONS = YES;
				CLANG_ANALYZER_NONNULL = YES;
				CLANG_ANALYZER_NUMBER_OBJECT_CONVERSION = YES_AGGRESSIVE;
				CLANG_CXX_LANGUAGE_STANDARD = "gnu++20";
				CLANG_ENABLE_MODULES = YES;
				CLANG_ENABLE_OBJC_ARC = YES;
				CLANG_ENABLE_OBJC_WEAK = YES;
				CLANG_WARN_BLOCK_CAPTURE_AUTORELEASING = YES;
				CLANG_WARN_BOOL_CONVERSION = YES;
				CLANG_WARN_COMMA = YES;
				CLANG_WARN_CONSTANT_CONVERSION = YES;
				CLANG_WARN_DEPRECATED_OBJC_IMPLEMENTATIONS = YES;
				CLANG_WARN_DIRECT_OBJC_ISA_USAGE = YES_ERROR;
				CLANG_WARN_DOCUMENTATION_COMMENTS = YES;
				CLANG_WARN_EMPTY_BODY = YES;
				CLANG_WARN_ENUM_CONVERSION = YES;
				CLANG_WARN_INFINITE_RECURSION = YES;
				CLANG_WARN_INT_CONVERSION = YES;
				CLANG_WARN_NON_LITERAL_NULL_CONVERSION = YES;
				CLANG_WARN_OBJC_IMPLICIT_RETAIN_SELF = YES;
				CLANG_WARN_OBJC_LITERAL_CONVERSION = YES;
				CLANG_WARN_OBJC_ROOT_CLASS = YES_ERROR;
				CLANG_WARN_QUOTED_INCLUDE_IN_FRAMEWORK_HEADER = YES;
				CLANG_WARN_RANGE_LOOP_ANALYSIS = YES;
				CLANG_WARN_STRICT_PROTOTYPES = YES;
				CLANG_WARN_SUSPICIOUS_MOVE = YES;
				CLANG_WARN_UNGUARDED_AVAILABILITY = YES_AGGRESSIVE;
				CLANG_WARN_UNREACHABLE_CODE = YES;
				CLANG_WARN__DUPLICATE_METHOD_MATCH = YES;
				COPY_PHASE_STRIP = NO;
				DEBUG_INFORMATION_FORMAT = dwarf;
				ENABLE_STRICT_OBJC_MSGSEND = YES;
				ENABLE_TESTABILITY = YES;
				ENABLE_USER_SCRIPT_SANDBOXING = YES;
				GCC_C_LANGUAGE_STANDARD = gnu17;
				GCC_DYNAMIC_NO_PIC = NO;
				GCC_NO_COMMON_BLOCKS = YES;
				GCC_OPTIMIZATION_LEVEL = 0;
				GCC_PREPROCESSOR_DEFINITIONS = (
					"DEBUG=1",
					"$(inherited)",
				);
				GCC_WARN_64_TO_32_BIT_CONVERSION = YES;
				GCC_WARN_ABOUT_RETURN_TYPE = YES_ERROR;
				GCC_WARN_UNDECLARED_SELECTOR = YES;
				GCC_WARN_UNINITIALIZED_AUTOS = YES_AGGRESSIVE;
				GCC_WARN_UNUSED_FUNCTION = YES;
				GCC_WARN_UNUSED_VARIABLE = YES;
				IPHONEOS_DEPLOYMENT_TARGET = 15.0;
				LOCALIZATION_PREFERS_STRING_CATALOGS = YES;
				MTL_ENABLE_DEBUG_INFO = INCLUDE_SOURCE;
				MTL_FAST_MATH = YES;
				ONLY_ACTIVE_ARCH = YES;
				SDKROOT = iphoneos;
				SWIFT_ACTIVE_COMPILATION_CONDITIONS = "DEBUG $(inherited)";
				SWIFT_OPTIMIZATION_LEVEL = "-Onone";
			};
			name = Debug;
		};
		DE2A46F92ACB63C6006F3CD0 /* Release */ = {
			isa = XCBuildConfiguration;
			buildSettings = {
				ALWAYS_SEARCH_USER_PATHS = NO;
				ASSETCATALOG_COMPILER_GENERATE_SWIFT_ASSET_SYMBOL_EXTENSIONS = YES;
				CLANG_ANALYZER_NONNULL = YES;
				CLANG_ANALYZER_NUMBER_OBJECT_CONVERSION = YES_AGGRESSIVE;
				CLANG_CXX_LANGUAGE_STANDARD = "gnu++20";
				CLANG_ENABLE_MODULES = YES;
				CLANG_ENABLE_OBJC_ARC = YES;
				CLANG_ENABLE_OBJC_WEAK = YES;
				CLANG_WARN_BLOCK_CAPTURE_AUTORELEASING = YES;
				CLANG_WARN_BOOL_CONVERSION = YES;
				CLANG_WARN_COMMA = YES;
				CLANG_WARN_CONSTANT_CONVERSION = YES;
				CLANG_WARN_DEPRECATED_OBJC_IMPLEMENTATIONS = YES;
				CLANG_WARN_DIRECT_OBJC_ISA_USAGE = YES_ERROR;
				CLANG_WARN_DOCUMENTATION_COMMENTS = YES;
				CLANG_WARN_EMPTY_BODY = YES;
				CLANG_WARN_ENUM_CONVERSION = YES;
				CLANG_WARN_INFINITE_RECURSION = YES;
				CLANG_WARN_INT_CONVERSION = YES;
				CLANG_WARN_NON_LITERAL_NULL_CONVERSION = YES;
				CLANG_WARN_OBJC_IMPLICIT_RETAIN_SELF = YES;
				CLANG_WARN_OBJC_LITERAL_CONVERSION = YES;
				CLANG_WARN_OBJC_ROOT_CLASS = YES_ERROR;
				CLANG_WARN_QUOTED_INCLUDE_IN_FRAMEWORK_HEADER = YES;
				CLANG_WARN_RANGE_LOOP_ANALYSIS = YES;
				CLANG_WARN_STRICT_PROTOTYPES = YES;
				CLANG_WARN_SUSPICIOUS_MOVE = YES;
				CLANG_WARN_UNGUARDED_AVAILABILITY = YES_AGGRESSIVE;
				CLANG_WARN_UNREACHABLE_CODE = YES;
				CLANG_WARN__DUPLICATE_METHOD_MATCH = YES;
				COPY_PHASE_STRIP = NO;
				DEBUG_INFORMATION_FORMAT = "dwarf-with-dsym";
				ENABLE_NS_ASSERTIONS = NO;
				ENABLE_STRICT_OBJC_MSGSEND = YES;
				ENABLE_USER_SCRIPT_SANDBOXING = YES;
				GCC_C_LANGUAGE_STANDARD = gnu17;
				GCC_NO_COMMON_BLOCKS = YES;
				GCC_WARN_64_TO_32_BIT_CONVERSION = YES;
				GCC_WARN_ABOUT_RETURN_TYPE = YES_ERROR;
				GCC_WARN_UNDECLARED_SELECTOR = YES;
				GCC_WARN_UNINITIALIZED_AUTOS = YES_AGGRESSIVE;
				GCC_WARN_UNUSED_FUNCTION = YES;
				GCC_WARN_UNUSED_VARIABLE = YES;
				IPHONEOS_DEPLOYMENT_TARGET = 15.0;
				LOCALIZATION_PREFERS_STRING_CATALOGS = YES;
				MTL_ENABLE_DEBUG_INFO = NO;
				MTL_FAST_MATH = YES;
				SDKROOT = iphoneos;
				SWIFT_COMPILATION_MODE = wholemodule;
				VALIDATE_PRODUCT = YES;
			};
			name = Release;
		};
		DE2A46FB2ACB63C6006F3CD0 /* Debug */ = {
			isa = XCBuildConfiguration;
			buildSettings = {
				ASSETCATALOG_COMPILER_APPICON_NAME = AppIcon;
				ASSETCATALOG_COMPILER_GLOBAL_ACCENT_COLOR_NAME = AccentColor;
				CODE_SIGN_STYLE = Automatic;
				CURRENT_PROJECT_VERSION = 1;
				DEVELOPMENT_TEAM = 6CBZZ2956M;
				GENERATE_INFOPLIST_FILE = YES;
				INFOPLIST_FILE = CalculatorApp/Info.plist;
				INFOPLIST_KEY_UIApplicationSupportsIndirectInputEvents = YES;
				INFOPLIST_KEY_UILaunchStoryboardName = LaunchScreen;
				INFOPLIST_KEY_UISupportedInterfaceOrientations_iPad = "UIInterfaceOrientationPortrait UIInterfaceOrientationPortraitUpsideDown UIInterfaceOrientationLandscapeLeft UIInterfaceOrientationLandscapeRight";
				INFOPLIST_KEY_UISupportedInterfaceOrientations_iPhone = "UIInterfaceOrientationPortrait UIInterfaceOrientationLandscapeLeft UIInterfaceOrientationLandscapeRight";
				LD_RUNPATH_SEARCH_PATHS = (
					"$(inherited)",
					"@executable_path/Frameworks",
				);
				MARKETING_VERSION = 1.0;
				PRODUCT_BUNDLE_IDENTIFIER = com.raminagazade.CalculatorApp;
				PRODUCT_NAME = "$(TARGET_NAME)";
				SWIFT_EMIT_LOC_STRINGS = YES;
				SWIFT_VERSION = 5.0;
				TARGETED_DEVICE_FAMILY = "1,2";
			};
			name = Debug;
		};
		DE2A46FC2ACB63C6006F3CD0 /* Release */ = {
			isa = XCBuildConfiguration;
			buildSettings = {
				ASSETCATALOG_COMPILER_APPICON_NAME = AppIcon;
				ASSETCATALOG_COMPILER_GLOBAL_ACCENT_COLOR_NAME = AccentColor;
				CODE_SIGN_STYLE = Automatic;
				CURRENT_PROJECT_VERSION = 1;
				DEVELOPMENT_TEAM = 6CBZZ2956M;
				GENERATE_INFOPLIST_FILE = YES;
				INFOPLIST_FILE = CalculatorApp/Info.plist;
				INFOPLIST_KEY_UIApplicationSupportsIndirectInputEvents = YES;
				INFOPLIST_KEY_UILaunchStoryboardName = LaunchScreen;
				INFOPLIST_KEY_UISupportedInterfaceOrientations_iPad = "UIInterfaceOrientationPortrait UIInterfaceOrientationPortraitUpsideDown UIInterfaceOrientationLandscapeLeft UIInterfaceOrientationLandscapeRight";
				INFOPLIST_KEY_UISupportedInterfaceOrientations_iPhone = "UIInterfaceOrientationPortrait UIInterfaceOrientationLandscapeLeft UIInterfaceOrientationLandscapeRight";
				LD_RUNPATH_SEARCH_PATHS = (
					"$(inherited)",
					"@executable_path/Frameworks",
				);
				MARKETING_VERSION = 1.0;
				PRODUCT_BUNDLE_IDENTIFIER = com.raminagazade.CalculatorApp;
				PRODUCT_NAME = "$(TARGET_NAME)";
				SWIFT_EMIT_LOC_STRINGS = YES;
				SWIFT_VERSION = 5.0;
				TARGETED_DEVICE_FAMILY = "1,2";
			};
			name = Release;
		};
/* End XCBuildConfiguration section */

/* Begin XCConfigurationList section */
		DE2A46E12ACB63C5006F3CD0 /* Build configuration list for PBXProject "CalculatorApp" */ = {
			isa = XCConfigurationList;
			buildConfigurations = (
				DE2A46F82ACB63C6006F3CD0 /* Debug */,
				DE2A46F92ACB63C6006F3CD0 /* Release */,
			);
			defaultConfigurationIsVisible = 0;
			defaultConfigurationName = Release;
		};
		DE2A46FA2ACB63C6006F3CD0 /* Build configuration list for PBXNativeTarget "CalculatorApp" */ = {
			isa = XCConfigurationList;
			buildConfigurations = (
				DE2A46FB2ACB63C6006F3CD0 /* Debug */,
				DE2A46FC2ACB63C6006F3CD0 /* Release */,
			);
			defaultConfigurationIsVisible = 0;
			defaultConfigurationName = Release;
		};
/* End XCConfigurationList section */
	};
	rootObject = DE2A46DE2ACB63C5006F3CD0 /* Project object */;
}
